<Solution>
  <Folder Name="/postman/">
    <File Path="theragraf.postman_collection.json" />
  </Folder>
  <Project Path="Theragraf.Core/Theragraf.Core.csproj" />
  <Project Path="Theragraf.Functions/Theragraf.Functions.csproj" />
  <Project Path="Theragraf.Tests/Theragraf.Tests.csproj" />
</Solution>
